# This file is autogenerated, do not edit; changes may be undone by the next 'dep ensure'.


[[projects]]
  digest = "1:77c1398df6c04ddf388307e8be810bfa677029d6f5ce0eba246713667fe6c4b8"
  name = "github.com/Tnze/go-mc"
  packages = [
    "bot",
    "bot/basic",
    "chat",
    "data/lang/en-us",
    "data/packetid",
    "nbt",
    "net",
    "net/CFB8",
    "net/packet",
    "yggdrasil",
  ]
  pruneopts = "UT"
  revision = "0acecb936de8dbcb65694475022b28b05431c788"
  version = "v1.16.5-pre2"

[[projects]]
  digest = "1:dfa0a7a6b64b2ac99259c4e79cc403470a4fa359c41029e0b8be4f419b0a0e5b"
  name = "github.com/google/uuid"
  packages = ["."]
  pruneopts = "UT"
  revision = "bfb86fa49a73e4194d93bea18d7acfe3694438ce"
  version = "v1.2.0"

[[projects]]
  digest = "1:6078383dbb7405bfa3ce16957f37564e3b716afa29b6eb45ffdb6674624d1e0d"
  name = "github.com/gorilla/mux"
  packages = ["."]
  pruneopts = "UT"
  revision = "98cb6bf42e086f6af920b965c38cacc07402d51b"
  version = "v1.8.0"

[solve-meta]
  analyzer-name = "dep"
  analyzer-version = 1
  input-imports = [
    "github.com/Tnze/go-mc/bot",
    "github.com/Tnze/go-mc/bot/basic",
    "github.com/Tnze/go-mc/chat",
    "github.com/Tnze/go-mc/yggdrasil",
    "github.com/google/uuid",
    "github.com/gorilla/mux",
  ]
  solver-name = "gps-cdcl"
  solver-version = 1
