# This file is autogenerated, do not edit; changes may be undone by the next 'dep ensure'.


[[projects]]
  digest = "1:5a7f89789f7525ea42554556cb384ac2c24c0d1a6447c85bf7dbf9ebc71ed504"
  name = "github.com/Tnze/go-mc"
  packages = [
    "bot",
    "bot/basic",
    "chat",
    "data/lang/en-us",
    "data/packetid",
    "nbt",
    "net",
    "net/CFB8",
    "net/packet",
  ]
  pruneopts = "UT"
  revision = "0acecb936de8dbcb65694475022b28b05431c788"
  version = "v1.16.5-pre2"

[[projects]]
  digest = "1:dfa0a7a6b64b2ac99259c4e79cc403470a4fa359c41029e0b8be4f419b0a0e5b"
  name = "github.com/google/uuid"
  packages = ["."]
  pruneopts = "UT"
  revision = "bfb86fa49a73e4194d93bea18d7acfe3694438ce"
  version = "v1.2.0"

[[projects]]
  digest = "1:304d25ecc3f4ca39f894c959254d3f5fc6176276ccf1f874ded0cd441e2f964f"
  name = "github.com/mattn/go-colorable"
  packages = ["."]
  pruneopts = "UT"
  revision = "2e1b0c1546e0173c0907cf05c67b8ba29ed8b4d1"
  version = "v0.1.8"

[[projects]]
  digest = "1:0c58d31abe2a2ccb429c559b6292e7df89dcda675456fecc282fa90aa08273eb"
  name = "github.com/mattn/go-isatty"
  packages = ["."]
  pruneopts = "UT"
  revision = "7b513a986450394f7bbf1476909911b3aa3a55ce"
  version = "v0.0.12"

[[projects]]
  branch = "master"
  digest = "1:4f78336ad4b4d19bdac6ab457118af29d5c0b2631ac678fd5e45248f79b20bca"
  name = "golang.org/x/sys"
  packages = [
    "internal/unsafeheader",
    "unix",
  ]
  pruneopts = "UT"
  revision = "e8d321eab015fdac193488ca80676aafc248f81d"

[solve-meta]
  analyzer-name = "dep"
  analyzer-version = 1
  input-imports = [
    "github.com/Tnze/go-mc/bot",
    "github.com/Tnze/go-mc/bot/basic",
    "github.com/Tnze/go-mc/chat",
    "github.com/Tnze/go-mc/data/lang/en-us",
    "github.com/Tnze/go-mc/data/packetid",
    "github.com/Tnze/go-mc/net/packet",
    "github.com/google/uuid",
    "github.com/mattn/go-colorable",
  ]
  solver-name = "gps-cdcl"
  solver-version = 1
